
Microsoft Visual Studio Solution File, Format Version 12.00
# Visual Studio 15
VisualStudioVersion = 15.0.28307.329
MinimumVisualStudioVersion = 10.0.40219.1
Project("{9A19103F-16F7-4668-BE54-9A1E7A4F7556}") = "GNTL_Bot", "GNTL_Bot\GNTL_Bot.csproj", "{7C560BA9-F1E5-4665-9EEE-363D2E5BBBE6}"
EndProject
Global
	GlobalSection(SolutionConfigurationPlatforms) = preSolution
		Debug|Any CPU = Debug|Any CPU
		Debug|x64 = Debug|x64
		Release|Any CPU = Release|Any CPU
		Release|x64 = Release|x64
	EndGlobalSection
	GlobalSection(ProjectConfigurationPlatforms) = postSolution
		{7C560BA9-F1E5-4665-9EEE-363D2E5BBBE6}.Debug|Any CPU.ActiveCfg = Debug|Any CPU
		{7C560BA9-F1E5-4665-9EEE-363D2E5BBBE6}.Debug|Any CPU.Build.0 = Debug|Any CPU
		{7C560BA9-F1E5-4665-9EEE-363D2E5BBBE6}.Debug|x64.ActiveCfg = Debug|x64
		{7C560BA9-F1E5-4665-9EEE-363D2E5BBBE6}.Debug|x64.Build.0 = Debug|x64
		{7C560BA9-F1E5-4665-9EEE-363D2E5BBBE6}.Release|Any CPU.ActiveCfg = Release|Any CPU
		{7C560BA9-F1E5-4665-9EEE-363D2E5BBBE6}.Release|Any CPU.Build.0 = Release|Any CPU
		{7C560BA9-F1E5-4665-9EEE-363D2E5BBBE6}.Release|x64.ActiveCfg = Release|x64
		{7C560BA9-F1E5-4665-9EEE-363D2E5BBBE6}.Release|x64.Build.0 = Release|x64
	EndGlobalSection
	GlobalSection(SolutionProperties) = preSolution
		HideSolutionNode = FALSE
	EndGlobalSection
	GlobalSection(ExtensibilityGlobals) = postSolution
		SolutionGuid = {D509F5F6-6F23-4BAC-B847-06980D873617}
	EndGlobalSection
EndGlobal
